
Microsoft Visual Studio Solution File, Format Version 12.00
# Visual Studio Version 17
VisualStudioVersion = 17.8.34408.163
MinimumVisualStudioVersion = 10.0.40219.1
Project("{8BC9CEB8-8B4A-11D0-8D11-00A0C91BC942}") = "Tensor_Class", "Tensor_Class\Tensor_Class.vcxproj", "{4D04FDD7-5961-4253-ADD7-519725A6670E}"
EndProject
Global
	GlobalSection(SolutionConfigurationPlatforms) = preSolution
		Debug|x64 = Debug|x64
		Debug|x86 = Debug|x86
		Release|x64 = Release|x64
		Release|x86 = Release|x86
	EndGlobalSection
	GlobalSection(ProjectConfigurationPlatforms) = postSolution
		{4D04FDD7-5961-4253-ADD7-519725A6670E}.Debug|x64.ActiveCfg = Debug|x64
		{4D04FDD7-5961-4253-ADD7-519725A6670E}.Debug|x64.Build.0 = Debug|x64
		{4D04FDD7-5961-4253-ADD7-519725A6670E}.Debug|x86.ActiveCfg = Debug|Win32
		{4D04FDD7-5961-4253-ADD7-519725A6670E}.Debug|x86.Build.0 = Debug|Win32
		{4D04FDD7-5961-4253-ADD7-519725A6670E}.Release|x64.ActiveCfg = Release|x64
		{4D04FDD7-5961-4253-ADD7-519725A6670E}.Release|x64.Build.0 = Release|x64
		{4D04FDD7-5961-4253-ADD7-519725A6670E}.Release|x86.ActiveCfg = Release|Win32
		{4D04FDD7-5961-4253-ADD7-519725A6670E}.Release|x86.Build.0 = Release|Win32
	EndGlobalSection
	GlobalSection(SolutionProperties) = preSolution
		HideSolutionNode = FALSE
	EndGlobalSection
	GlobalSection(ExtensibilityGlobals) = postSolution
		SolutionGuid = {3A8E0B32-670F-442F-B10C-793F155105E7}
	EndGlobalSection
EndGlobal
